
Microsoft Visual Studio Solution File, Format Version 12.00
# Visual Studio Version 16
VisualStudioVersion = 16.0.32413.511
MinimumVisualStudioVersion = 10.0.40219.1
Project("{FAE04EC0-301F-11D3-BF4B-00C04F79EFBC}") = "Assignment6", "Assignment6.csproj", "{78EACAF3-C9E4-4ADC-9996-F237F200E66D}"
EndProject
Global
	GlobalSection(SolutionConfigurationPlatforms) = preSolution
		Debug|Any CPU = Debug|Any CPU
		Release|Any CPU = Release|Any CPU
	EndGlobalSection
	GlobalSection(ProjectConfigurationPlatforms) = postSolution
		{78EACAF3-C9E4-4ADC-9996-F237F200E66D}.Debug|Any CPU.ActiveCfg = Debug|Any CPU
		{78EACAF3-C9E4-4ADC-9996-F237F200E66D}.Debug|Any CPU.Build.0 = Debug|Any CPU
		{78EACAF3-C9E4-4ADC-9996-F237F200E66D}.Release|Any CPU.ActiveCfg = Release|Any CPU
		{78EACAF3-C9E4-4ADC-9996-F237F200E66D}.Release|Any CPU.Build.0 = Release|Any CPU
	EndGlobalSection
	GlobalSection(SolutionProperties) = preSolution
		HideSolutionNode = FALSE
	EndGlobalSection
	GlobalSection(ExtensibilityGlobals) = postSolution
		SolutionGuid = {3D87BEF4-DFE9-490F-9607-553D75489F3A}
	EndGlobalSection
EndGlobal
